
Microsoft Visual Studio Solution File, Format Version 12.00
# Visual Studio Version 16
VisualStudioVersion = 16.0.29905.134
MinimumVisualStudioVersion = 10.0.40219.1
Project("{8BC9CEB8-8B4A-11D0-8D11-00A0C91BC942}") = "Sandbox", "Sandbox\Sandbox.vcxproj", "{E632332E-1D2A-45D8-A04A-8777A7E5FA90}"
	ProjectSection(ProjectDependencies) = postProject
		{62643626-74F8-447C-8EA9-44518063920B} = {62643626-74F8-447C-8EA9-44518063920B}
	EndProjectSection
EndProject
Project("{8BC9CEB8-8B4A-11D0-8D11-00A0C91BC942}") = "ByteEngine", "ByteEngine\ByteEngine.vcxproj", "{62643626-74F8-447C-8EA9-44518063920B}"
EndProject
Global
	GlobalSection(SolutionConfigurationPlatforms) = preSolution
		Debug|x64 = Debug|x64
		Release|x64 = Release|x64
		Test|x64 = Test|x64
	EndGlobalSection
	GlobalSection(ProjectConfigurationPlatforms) = postSolution
		{E632332E-1D2A-45D8-A04A-8777A7E5FA90}.Debug|x64.ActiveCfg = Debug|x64
		{E632332E-1D2A-45D8-A04A-8777A7E5FA90}.Debug|x64.Build.0 = Debug|x64
		{E632332E-1D2A-45D8-A04A-8777A7E5FA90}.Release|x64.ActiveCfg = Release|x64
		{E632332E-1D2A-45D8-A04A-8777A7E5FA90}.Release|x64.Build.0 = Release|x64
		{E632332E-1D2A-45D8-A04A-8777A7E5FA90}.Test|x64.ActiveCfg = Debug|x64
		{E632332E-1D2A-45D8-A04A-8777A7E5FA90}.Test|x64.Build.0 = Debug|x64
		{62643626-74F8-447C-8EA9-44518063920B}.Debug|x64.ActiveCfg = Debug|x64
		{62643626-74F8-447C-8EA9-44518063920B}.Debug|x64.Build.0 = Debug|x64
		{62643626-74F8-447C-8EA9-44518063920B}.Release|x64.ActiveCfg = Release|x64
		{62643626-74F8-447C-8EA9-44518063920B}.Release|x64.Build.0 = Release|x64
		{62643626-74F8-447C-8EA9-44518063920B}.Test|x64.ActiveCfg = Debug|x64
		{62643626-74F8-447C-8EA9-44518063920B}.Test|x64.Build.0 = Debug|x64
	EndGlobalSection
	GlobalSection(SolutionProperties) = preSolution
		HideSolutionNode = FALSE
	EndGlobalSection
	GlobalSection(ExtensibilityGlobals) = postSolution
		SolutionGuid = {AEBB4C45-460E-45D4-852C-1673F87B9038}
	EndGlobalSection
EndGlobal
