<?xml version="1.0" encoding="utf-8"?>
<Project ToolsVersion="4.0" xmlns="http://schemas.microsoft.com/developer/msbuild/2003">
  <ItemGroup>
    <Filter Include="Misc">
      <UniqueIdentifier>{9c40395e-d181-4c74-9766-14313884e0c4}</UniqueIdentifier>
    </Filter>
    <Filter Include="Misc\Math">
      <UniqueIdentifier>{f8f0c03a-dfc7-4ee2-958a-410b4f3df571}</UniqueIdentifier>
    </Filter>
    <Filter Include="Misc\Math\Math Objects">
      <UniqueIdentifier>{98f4c226-6cf7-4440-8735-239d67b2101e}</UniqueIdentifier>
    </Filter>
    <Filter Include="Game Objects">
      <UniqueIdentifier>{809ad5c6-c667-4e11-a957-15f59d2b06eb}</UniqueIdentifier>
    </Filter>
    <Filter Include="Misc\Array">
      <UniqueIdentifier>{e2e8519c-615a-4d49-a289-35a03e129e42}</UniqueIdentifier>
    </Filter>
    <Filter Include="Engine">
      <UniqueIdentifier>{7d83fe5f-cb2e-4a25-9bf2-9651aaafc8f4}</UniqueIdentifier>
    </Filter>
    <Filter Include="Engine\Events">
      <UniqueIdentifier>{3b96b18b-4237-43a9-b391-5f076fc32c6b}</UniqueIdentifier>
    </Filter>
    <Filter Include="Engine\Render">
      <UniqueIdentifier>{c5fb3db2-ad1f-4ef9-a3dd-c3ad3a33ef61}</UniqueIdentifier>
    </Filter>
    <Filter Include="Engine\Render\Buffers">
      <UniqueIdentifier>{529962db-4acc-4ea8-890e-14b2de711925}</UniqueIdentifier>
    </Filter>
    <Filter Include="Engine\Render\Shaders">
      <UniqueIdentifier>{e0b6ab77-afd6-4494-acc7-346d55957e21}</UniqueIdentifier>
    </Filter>
    <Filter Include="Engine\Render\Shaders\GLSL Code">
      <UniqueIdentifier>{37d4b3ff-a6b4-42ed-9949-2d5cf33ce159}</UniqueIdentifier>
    </Filter>
    <Filter Include="Engine\Render\Objects">
      <UniqueIdentifier>{6bb20616-6d06-4996-a9ce-ddf7cda7153d}</UniqueIdentifier>
    </Filter>
    <Filter Include="Engine\Render\Window">
      <UniqueIdentifier>{8908fd2c-3082-4886-9ae5-3fea920eb4e3}</UniqueIdentifier>
    </Filter>
    <Filter Include="Engine\Render\Renderer">
      <UniqueIdentifier>{8a427f36-913a-4afa-8eee-f22ac3685b55}</UniqueIdentifier>
    </Filter>
    <Filter Include="Engine\Clock">
      <UniqueIdentifier>{324d8236-686e-4eed-988d-a3b7b56f6f9e}</UniqueIdentifier>
    </Filter>
    <Filter Include="Engine\Resource Manager">
      <UniqueIdentifier>{24a2456e-0f7d-47f1-b352-aa8129c7db33}</UniqueIdentifier>
    </Filter>
    <Filter Include="Engine\Resource Manager\Resources">
      <UniqueIdentifier>{5513227a-3009-4368-80a8-edfa2163f281}</UniqueIdentifier>
    </Filter>
    <Filter Include="Engine\InputManager">
      <UniqueIdentifier>{d8135fcb-5a1e-4857-953e-37d836b63974}</UniqueIdentifier>
    </Filter>
    <Filter Include="Engine\InputManager\Events">
      <UniqueIdentifier>{2a651d8e-df00-4284-baa5-7abc672b40db}</UniqueIdentifier>
    </Filter>
    <Filter Include="Engine\Log">
      <UniqueIdentifier>{d7eb5379-c059-40f4-abea-11baa036cdd3}</UniqueIdentifier>
    </Filter>
    <Filter Include="Engine\Application">
      <UniqueIdentifier>{9669b65e-2eba-4026-9f31-190e2ee371e9}</UniqueIdentifier>
    </Filter>
  </ItemGroup>
  <ItemGroup>
    <ClInclude Include="src\Game Studio\Vertex.h">
      <Filter>Engine\Render</Filter>
    </ClInclude>
    <ClInclude Include="src\Game Studio\Object.h">
      <Filter>Game Objects</Filter>
    </ClInclude>
    <ClInclude Include="src\Game Studio\GL.h">
      <Filter>Engine\Render</Filter>
    </ClInclude>
    <ClInclude Include="src\Game Studio\Texture.h">
      <Filter>Engine\Render\Objects</Filter>
    </ClInclude>
    <ClInclude Include="src\GameStudio.h" />
    <ClInclude Include="src\Game Studio\Core.h">
      <Filter>Engine</Filter>
    </ClInclude>
    <ClInclude Include="src\Game Studio\Camera.h" />
    <ClInclude Include="src\Game Studio\Light.h" />
    <ClInclude Include="src\Game Studio\PointLight.h" />
    <ClInclude Include="src\Game Studio\Math\GSM.hpp">
      <Filter>Misc\Math</Filter>
    </ClInclude>
    <ClInclude Include="src\Game Studio\Math\Matrix4.h">
      <Filter>Misc\Math\Math Objects</Filter>
    </ClInclude>
    <ClInclude Include="src\Game Studio\Math\Vector2.h">
      <Filter>Misc\Math\Math Objects</Filter>
    </ClInclude>
    <ClInclude Include="src\Game Studio\Math\Vector3.h">
      <Filter>Misc\Math\Math Objects</Filter>
    </ClInclude>
    <ClInclude Include="src\Game Studio\Math\Vector4.h">
      <Filter>Misc\Math\Math Objects</Filter>
    </ClInclude>
    <ClInclude Include="src\Game Studio\Math\Transform2.h">
      <Filter>Misc\Math\Math Objects</Filter>
    </ClInclude>
    <ClInclude Include="src\Game Studio\Math\Transform3.h">
      <Filter>Misc\Math\Math Objects</Filter>
    </ClInclude>
    <ClInclude Include="src\Game Studio\Math\Quaternion.h">
      <Filter>Misc\Math\Math Objects</Filter>
    </ClInclude>
    <ClInclude Include="src\Game Studio\Application\Application.h">
      <Filter>Engine\Application</Filter>
    </ClInclude>
    <ClInclude Include="src\Game Studio\Application\EntryPoint.h">
      <Filter>Engine\Application</Filter>
    </ClInclude>
    <ClInclude Include="src\Game Studio\Containers\FVector.hpp">
      <Filter>Misc\Array</Filter>
    </ClInclude>
    <ClInclude Include="src\Game Studio\Containers\Array.hpp" />
    <ClInclude Include="src\Game Studio\Containers\Octree.h" />
    <ClInclude Include="src\Game Studio\Containers\SinglyLinkedList.hpp" />
    <ClInclude Include="src\Game Studio\Containers\FString.h">
      <Filter>Misc</Filter>
    </ClInclude>
    <ClInclude Include="src\Game Studio\RAPI\Platform\Windows\WindowsWindow.h" />
    <ClInclude Include="src\Game Studio\RAPI\Vulkan\Vulkan.h" />
    <ClInclude Include="src\Game Studio\RAPI\Vulkan\VulkanBase.h" />
    <ClInclude Include="src\Game Studio\RAPI\Vulkan\VulkanFramebuffer.h" />
    <ClInclude Include="src\Game Studio\RAPI\Vulkan\VulkanPipelines.h" />
    <ClInclude Include="src\Game Studio\RAPI\Vulkan\VulkanRenderContext.h" />
    <ClInclude Include="src\Game Studio\RAPI\Vulkan\VulkanRenderPass.h" />
    <ClInclude Include="src\Game Studio\RAPI\Framebuffer.h" />
    <ClInclude Include="src\Game Studio\RAPI\RenderContext.h" />
    <ClInclude Include="src\Game Studio\RAPI\RenderCore.h" />
    <ClInclude Include="src\Game Studio\RAPI\RenderPass.h" />
    <ClInclude Include="src\Game Studio\RAPI\Window.h" />
    <ClInclude Include="src\Game Studio\RAPI\Texture.h" />
    <ClInclude Include="src\Game Studio\RAPI\Vulkan\VulkanSwapchainImage.h" />
    <ClInclude Include="src\Game Studio\ScreenQuad.h" />
    <ClInclude Include="src\Game Studio\Containers\DArray.hpp" />
    <ClInclude Include="src\Game Studio\Application\InputManager.h">
      <Filter>Engine\InputManager</Filter>
    </ClInclude>
    <ClInclude Include="src\Game Studio\Resources\Resource.h" />
    <ClInclude Include="src\Game Studio\Application\Input\JoystickState.h" />
    <ClInclude Include="src\Game Studio\Application\Input\MouseState.h" />
    <ClInclude Include="src\Game Studio\RAPI\ComputePipeline.h" />
    <ClInclude Include="src\Game Studio\RAPI\GraphicsPipeline.h" />
    <ClInclude Include="src\Game Studio\RAPI\Vulkan\VulkanUniformBuffer.h" />
    <ClInclude Include="src\Game Studio\RAPI\UniformBuffer.h" />
    <ClInclude Include="src\Game Studio\Debug\Timer.h" />
    <ClInclude Include="src\Game Studio\Application\Clock.h">
      <Filter>Engine\Clock</Filter>
    </ClInclude>
    <ClInclude Include="src\Game Studio\Debug\Logger.h">
      <Filter>Engine\Log</Filter>
    </ClInclude>
    <ClInclude Include="src\Game Studio\Math\Line.h">
      <Filter>Misc\Math\Math Objects</Filter>
    </ClInclude>
    <ClInclude Include="src\Game Studio\Utility\FlipFlop.h" />
    <ClInclude Include="src\Game Studio\Game\WorldObject.h">
      <Filter>Game Objects</Filter>
    </ClInclude>
    <ClInclude Include="src\Game Studio\Game\Actor.h" />
    <ClInclude Include="src\Game Studio\Utility\RGB.h">
      <Filter>Misc</Filter>
    </ClInclude>
    <ClInclude Include="src\Game Studio\Utility\RGBA.h">
      <Filter>Misc</Filter>
    </ClInclude>
    <ClInclude Include="src\Game Studio\Utility\TextureCoordinates.h">
      <Filter>Misc</Filter>
    </ClInclude>
    <ClInclude Include="src\Game Studio\Utility\Shapes\Cone.h" />
    <ClInclude Include="src\Game Studio\Utility\Shapes\ConeWithFalloff.h" />
    <ClInclude Include="src\Game Studio\Utility\Extent.h" />
    <ClInclude Include="src\Game Studio\Game\World.h" />
    <ClInclude Include="src\Game Studio\Game\SubWorlds.h" />
    <ClInclude Include="src\Game Studio\Game\Component.h" />
    <ClInclude Include="src\Game Studio\Resources\ResourceManager.h" />
    <ClInclude Include="src\Game Studio\Render\RenderComponent.h" />
    <ClInclude Include="src\Game Studio\Math\Plane.h" />
    <ClInclude Include="src\Game Studio\RAPI\RenderDevice.h" />
    <ClInclude Include="src\Game Studio\Render\Material.h" />
    <ClInclude Include="src\Game Studio\Render\StaticMeshRenderComponent.h" />
    <ClInclude Include="src\Game Studio\Game\StaticMesh.h" />
    <ClInclude Include="src\Game Studio\Render\MaterialInfo.h" />
    <ClInclude Include="src\Game Studio\Math\SIMD\float4.h" />
    <ClInclude Include="src\Game Studio\Containers\Pair.h" />
    <ClInclude Include="src\Game Studio\Resources\Stream.h" />
    <ClInclude Include="src\Game Studio\Math\Frustum.h" />
    <ClInclude Include="src\Game Studio\Math\Rotator.h">
      <Filter>Misc\Math\Math Objects</Filter>
    </ClInclude>
    <ClInclude Include="src\Game Studio\Dispatcher.h" />
    <ClInclude Include="src\Game Studio\SAPI\AudioDevice.h" />
    <ClInclude Include="src\Game Studio\Sound\ReverbVolume.h" />
    <ClInclude Include="src\Game Studio\Utility\Shapes\Box.h" />
    <ClInclude Include="src\Game Studio\Sound\SoundListener.h" />
    <ClInclude Include="src\Game Studio\SAPI\AudioCore.h" />
    <ClInclude Include="src\Game Studio\Sound\SoundPlayer.h" />
    <ClInclude Include="src\Game Studio\Sound\SoundManager.h" />
    <ClInclude Include="src\Game Studio\Sound\SoundMixer.h" />
    <ClInclude Include="src\Game Studio\Physics\PhysicsWorld.h" />
    <ClInclude Include="src\Game Studio\Physics\RigidBody.h" />
    <ClInclude Include="src\Game Studio\Physics\HitResult.h" />
    <ClInclude Include="src\Game Studio\Physics\ForceGenerator.h" />
    <ClInclude Include="src\Game Studio\Physics\Queries.h" />
    <ClInclude Include="src\Game Studio\Physics\ForceGenerators.h" />
    <ClInclude Include="src\Game Studio\Utility\Shapes\SphereWithFallof.h" />
    <ClInclude Include="src\Game Studio\Utility\Shapes\BoxWithFalloff.h" />
    <ClInclude Include="src\Game Studio\Core\Thread.h" />
    <ClInclude Include="src\Game Studio\Core\Allocator.h" />
    <ClInclude Include="src\Game Studio\Containers\SHashMap.h" />
    <ClInclude Include="src\Game Studio\Game\Texture.h" />
    <ClInclude Include="src\Game Studio\RAPI\Vulkan\VulkanTexture.h" />
    <ClInclude Include="src\Game Studio\SAPI\Windows\WindowsAudioDevice.h" />
    <ClInclude Include="src\Game Studio\Core\Network\NetSocket.h" />
    <ClInclude Include="src\Game Studio\Core\Network\NetworkCore.h" />
    <ClInclude Include="src\Game Studio\Core\Network\NetConnection.h" />
    <ClInclude Include="src\Game Studio\RAPI\RenderMesh.h" />
    <ClInclude Include="src\Game Studio\Render\Renderer.h" />
    <ClInclude Include="src\Game Studio\Utility\Delegate.h" />
    <ClInclude Include="src\Game Studio\Delegate.h" />
    <ClInclude Include="src\Game Studio\Animation\Skeletal Mesh.h" />
    <ClInclude Include="src\Game Studio\PlayableAsset.h" />
    <ClInclude Include="src\Game Studio\Core\System.h" />
    <ClInclude Include="src\Game Studio\RAPI\Vulkan\VulkanBindings.h" />
    <ClInclude Include="src\Game Studio\RAPI\Vulkan\VulkanRenderDevice.h" />
    <ClInclude Include="src\Game Studio\RAPI\Bindings.h" />
    <ClInclude Include="src\Game Studio\Resources\AudioResource.h" />
    <ClInclude Include="src\Game Studio\Resources\SubResourceManager.h" />
    <ClInclude Include="src\Game Studio\RAPI\CommandBuffer.h" />
    <ClInclude Include="src\Game Studio\Render\RenderableTypeManager.h" />
    <ClInclude Include="src\Game Studio\Render\StaticMeshRenderableManager.h" />
    <ClInclude Include="src\Game Studio\Resources\AudioResourceManager.h" />
    <ClInclude Include="src\Game Studio\Render\BindingsSetDescriptor.h" />
    <ClInclude Include="src\Game Studio\Containers\Ranger.h" />
    <ClInclude Include="src\Game Studio\Render\BindingsGroup.h" />
    <ClInclude Include="src\Game Studio\Render\RenderGroup.h" />
    <ClInclude Include="src\Game Studio\Render\RenderingCore.h" />
    <ClInclude Include="src\Game Studio\RAPI\Vulkan\VulkanCommandBuffer.h" />
    <ClInclude Include="src\Game Studio\RAPI\RenderTarget.h" />
    <ClInclude Include="src\Game Studio\RAPI\Vulkan\VulkanRenderTarget.h" />
    <ClInclude Include="src\Game Studio\Containers\FlatHashMap.h" />
    <ClInclude Include="src\Game Studio\Containers\KVector.h" />
    <ClInclude Include="src\Game Studio\Core\Mutex.h" />
    <ClInclude Include="src\Game Studio\Core\Semaphore.h" />
    <ClInclude Include="src\Game Studio\Core\BlockingQueue.h" />
    <ClInclude Include="src\Game Studio\Core\ThreadPool.h" />
    <ClInclude Include="src\Game Studio\Math\AxisAngle.h" />
    <ClInclude Include="src\Game Studio\Core\Signal.h" />
    <ClInclude Include="src\Game Studio\RAPI\Vulkan\VulkanRenderMesh.h" />
    <ClInclude Include="src\Game Studio\Resources\ResourceReference.h" />
    <ClInclude Include="src\Game Studio\Resources\MaterialResourceManager.h" />
    <ClInclude Include="src\Game Studio\Resources\ResourceData.h" />
    <ClInclude Include="src\Game Studio\Resources\TextureResourceManager.h" />
    <ClInclude Include="src\Game Studio\Resources\StaticMeshResourceManager.h" />
    <ClInclude Include="src\Game Studio\Game\TypeManager.h" />
    <ClInclude Include="src\Game Studio\Containers\Id.h" />
    <ClInclude Include="src\Game Studio\Containers\TimePoint.h" />
    <ClInclude Include="src\Game Studio\Application\Console.h" />
  </ItemGroup>
  <ItemGroup>
    <ClCompile Include="src\Game Studio\Camera.cpp" />
    <ClCompile Include="vendor\stb image\IMAGE_IMPLEMENTATION.cpp" />
    <ClCompile Include="src\Game Studio\Light.cpp" />
    <ClCompile Include="src\Game Studio\PointLight.cpp" />
    <ClCompile Include="src\Game Studio\Application\Application.cpp">
      <Filter>Engine\Application</Filter>
    </ClCompile>
    <ClCompile Include="src\Game Studio\RAPI\Platform\Windows\WindowsWindow.cpp" />
    <ClCompile Include="src\Game Studio\RAPI\Vulkan\VulkanFramebuffer.cpp" />
    <ClCompile Include="src\Game Studio\RAPI\Vulkan\VulkanPipelines.cpp" />
    <ClCompile Include="src\Game Studio\RAPI\Vulkan\VulkanRenderContext.cpp" />
    <ClCompile Include="src\Game Studio\RAPI\Vulkan\VulkanRenderPass.cpp" />
    <ClCompile Include="src\Game Studio\RAPI\Window.cpp" />
    <ClCompile Include="src\Game Studio\Containers\FString.cpp" />
    <ClCompile Include="src\Game Studio\RAPI\Vulkan\VulkanSwapchainImage.cpp" />
    <ClCompile Include="src\Game Studio\Application\InputManager.cpp">
      <Filter>Engine\InputManager</Filter>
    </ClCompile>
    <ClCompile Include="src\Game Studio\Application\Input\InputEnums.h" />
    <ClCompile Include="src\Game Studio\RAPI\Vulkan\VulkanUniformBuffer.cpp" />
    <ClCompile Include="src\Game Studio\Debug\Timer.cpp" />
    <ClCompile Include="src\Game Studio\Application\Clock.cpp">
      <Filter>Engine\Clock</Filter>
    </ClCompile>
    <ClCompile Include="src\Game Studio\Debug\Logger.cpp">
      <Filter>Engine\Log</Filter>
    </ClCompile>
    <ClCompile Include="src\Game Studio\Game\WorldObject.cpp" />
    <ClCompile Include="src\Game Studio\Game\Actor.cpp" />
    <ClCompile Include="src\Game Studio\Utility\Shapes\Cone.cpp" />
    <ClCompile Include="src\Game Studio\Utility\Shapes\ConeWithFalloff.cpp" />
    <ClCompile Include="src\Game Studio\Game\World.cpp" />
    <ClCompile Include="src\Game Studio\Math\Plane.cpp" />
    <ClCompile Include="src\Game Studio\RAPI\RenderDevice.cpp">
      <Filter>Engine\Render\Renderer</Filter>
    </ClCompile>
    <ClCompile Include="src\Game Studio\Render\StaticMeshRenderComponent.cpp" />
    <ClCompile Include="src\Game Studio\Game\StaticMesh.cpp" />
    <ClCompile Include="src\Game Studio\Resources\ResourceManager.cpp" />
    <ClCompile Include="src\Game Studio\Math\GSM.cpp" />
    <ClCompile Include="src\Game Studio\Math\Matrix4.cpp" />
    <ClCompile Include="src\Game Studio\Render\Material.cpp" />
    <ClCompile Include="src\Game Studio\Math\Quaternion.cpp" />
    <ClCompile Include="src\Game Studio\Resources\Stream.cpp" />
    <ClCompile Include="src\Game Studio\SAPI\AudioDevice.cpp" />
    <ClCompile Include="src\Game Studio\RAPI\Vulkan\VulkanTexture.cpp" />
    <ClCompile Include="src\Game Studio\SAPI\Windows\WindowsAudioDevice.cpp" />
    <ClCompile Include="src\Game Studio\Core\Network\NetSocket.cpp" />
    <ClCompile Include="src\Game Studio\Render\Renderer.cpp" />
    <ClCompile Include="src\Game Studio\Math\Vector3.cpp" />
    <ClCompile Include="src\Game Studio\Math\Rotator.cpp" />
    <ClCompile Include="src\Game Studio\Core\System.cpp" />
    <ClCompile Include="src\Game Studio\RAPI\Vulkan\VulkanBindings.cpp" />
    <ClCompile Include="src\Game Studio\RAPI\Vulkan\VulkanRenderDevice.cpp" />
    <ClCompile Include="src\Game Studio\Resources\AudioResource.cpp" />
    <ClCompile Include="src\Game Studio\SAPI\AudioCore.cpp" />
    <ClCompile Include="src\Game Studio\Render\StaticMeshRenderableManager.cpp" />
    <ClCompile Include="src\Game Studio\Resources\AudioResourceManager.cpp" />
    <ClCompile Include="src\Game Studio\Sound\SoundManager.cpp" />
    <ClCompile Include="src\Game Studio\Render\BindingsGroup.cpp" />
    <ClCompile Include="src\Game Studio\RAPI\Vulkan\VulkanCommandBuffer.cpp" />
    <ClCompile Include="src\Game Studio\RAPI\Vulkan\VulkanRenderTarget.cpp" />
    <ClCompile Include="src\Game Studio\Math\AxisAngle.cpp" />
    <ClCompile Include="src\Game Studio\RAPI\Vulkan\VulkanRenderMesh.cpp" />
    <ClCompile Include="src\Game Studio\Resources\MaterialResourceManager.cpp" />
    <ClCompile Include="src\Game Studio\Resources\TextureResourceManager.cpp" />
    <ClCompile Include="src\Game Studio\Resources\StaticMeshResourceManager.cpp" />
    <ClCompile Include="src\Game Studio\Containers\Id.cpp" />
  </ItemGroup>
  <ItemGroup>
    <None Include="cpp.hint" />
  </ItemGroup>
</Project>